{
  "requires": true,
  "lockfileVersion": 1,
  "dependencies": {
    "@angular/cdk": {
      "version": "11.0.2",
      "resolved": "https://registry.npmjs.org/@angular/cdk/-/cdk-11.0.2.tgz",
      "integrity": "sha512-hdZ9UJVGgCFhdOuB4RPS1Ku45VSG/WfRjbyxu/7teYyFKqAvcd3vawkeQfZf+lExmFaeW43+5hnpu/JIlGTrSA==",
      "requires": {
        "parse5": "^5.0.0",
        "tslib": "^2.0.0"
      }
    },
    "@angular/material": {
      "version": "11.0.2",
      "resolved": "https://registry.npmjs.org/@angular/material/-/material-11.0.2.tgz",
      "integrity": "sha512-qmLxrIcbbowXrE0+ZiGA/RXfaZTtVKtgLchn7GvI+R5DZ79g5IicTPxayzQavLJSTESX19JTjlByRSGiXJstgA==",
      "requires": {
        "tslib": "^2.0.0"
      }
    },
    "parse5": {
      "version": "5.1.1",
      "resolved": "https://registry.npmjs.org/parse5/-/parse5-5.1.1.tgz",
      "integrity": "sha512-ugq4DFI0Ptb+WWjAdOK16+u/nHfiIrcE+sh8kZMaM0WllQKLI9rOUq6c2b7cwPkXdzfQESqvoqK6ug7U/Yyzug==",
      "optional": true
    },
    "tslib": {
      "version": "2.0.3",
      "resolved": "https://registry.npmjs.org/tslib/-/tslib-2.0.3.tgz",
      "integrity": "sha512-uZtkfKblCEQtZKBF6EBXVZeQNl82yqtDQdv+eck8u7tdPxjLu2/lp5/uPW+um2tpuxINHWy3GhiccY7QgEaVHQ=="
    }
  }
}
